
Microsoft Visual Studio Solution File, Format Version 12.00
# Visual Studio Version 17
VisualStudioVersion = 17.7.34221.43
MinimumVisualStudioVersion = 10.0.40219.1
Project("{9A19103F-16F7-4668-BE54-9A1E7A4F7556}") = "ConsoleApp", "ConsoleApp\ConsoleApp.csproj", "{4FCD9612-D768-485A-88B4-225AC94C1FAC}"
EndProject
Project("{9A19103F-16F7-4668-BE54-9A1E7A4F7556}") = "WinFormsMenu", "WinFormsMenu\WinFormsMenu.csproj", "{D21D6411-23A5-41B2-BAAB-64077A3AA00E}"

EndProject
Global
	GlobalSection(SolutionConfigurationPlatforms) = preSolution
		Debug|Any CPU = Debug|Any CPU
		Release|Any CPU = Release|Any CPU
	EndGlobalSection
	GlobalSection(ProjectConfigurationPlatforms) = postSolution
		{4FCD9612-D768-485A-88B4-225AC94C1FAC}.Debug|Any CPU.ActiveCfg = Debug|Any CPU
		{4FCD9612-D768-485A-88B4-225AC94C1FAC}.Debug|Any CPU.Build.0 = Debug|Any CPU
		{4FCD9612-D768-485A-88B4-225AC94C1FAC}.Release|Any CPU.ActiveCfg = Release|Any CPU
		{4FCD9612-D768-485A-88B4-225AC94C1FAC}.Release|Any CPU.Build.0 = Release|Any CPU
		{D21D6411-23A5-41B2-BAAB-64077A3AA00E}.Debug|Any CPU.ActiveCfg = Debug|Any CPU
		{D21D6411-23A5-41B2-BAAB-64077A3AA00E}.Debug|Any CPU.Build.0 = Debug|Any CPU
		{D21D6411-23A5-41B2-BAAB-64077A3AA00E}.Release|Any CPU.ActiveCfg = Release|Any CPU
		{D21D6411-23A5-41B2-BAAB-64077A3AA00E}.Release|Any CPU.Build.0 = Release|Any CPU

	EndGlobalSection
	GlobalSection(SolutionProperties) = preSolution
		HideSolutionNode = FALSE
	EndGlobalSection
	GlobalSection(ExtensibilityGlobals) = postSolution
		SolutionGuid = {AD4C89C1-C58D-489D-91EE-B9CBDFFDF1E4}
	EndGlobalSection
EndGlobal
